
Microsoft Visual Studio Solution File, Format Version 12.00
# Visual Studio Version 16
VisualStudioVersion = 16.0.32413.511
MinimumVisualStudioVersion = 10.0.40219.1
Project("{8BC9CEB8-8B4A-11D0-8D11-00A0C91BC942}") = "UDPREceiver", "UDPREceiver.vcxproj", "{7E5F278A-E2E3-40E1-ADC1-9EA00F3451DF}"
EndProject
Global
	GlobalSection(SolutionConfigurationPlatforms) = preSolution
		Debug|x64 = Debug|x64
		Debug|x86 = Debug|x86
		Release|x64 = Release|x64
		Release|x86 = Release|x86
	EndGlobalSection
	GlobalSection(ProjectConfigurationPlatforms) = postSolution
		{7E5F278A-E2E3-40E1-ADC1-9EA00F3451DF}.Debug|x64.ActiveCfg = Debug|x64
		{7E5F278A-E2E3-40E1-ADC1-9EA00F3451DF}.Debug|x64.Build.0 = Debug|x64
		{7E5F278A-E2E3-40E1-ADC1-9EA00F3451DF}.Debug|x86.ActiveCfg = Debug|Win32
		{7E5F278A-E2E3-40E1-ADC1-9EA00F3451DF}.Debug|x86.Build.0 = Debug|Win32
		{7E5F278A-E2E3-40E1-ADC1-9EA00F3451DF}.Release|x64.ActiveCfg = Release|x64
		{7E5F278A-E2E3-40E1-ADC1-9EA00F3451DF}.Release|x64.Build.0 = Release|x64
		{7E5F278A-E2E3-40E1-ADC1-9EA00F3451DF}.Release|x86.ActiveCfg = Release|Win32
		{7E5F278A-E2E3-40E1-ADC1-9EA00F3451DF}.Release|x86.Build.0 = Release|Win32
	EndGlobalSection
	GlobalSection(SolutionProperties) = preSolution
		HideSolutionNode = FALSE
	EndGlobalSection
	GlobalSection(ExtensibilityGlobals) = postSolution
		SolutionGuid = {89CBF984-2EC8-4733-ADF0-1520AB33FB98}
	EndGlobalSection
EndGlobal
